// !$*UTF8*$!
{
	archiveVersion = 1;
	classes = {
	};
	objectVersion = 56;
	objects = {

/* Begin PBXBuildFile section */
		0804FCD82B82A79B0024EE2D /* SwiftUIClass1App.swift in Sources */ = {isa = PBXBuildFile; fileRef = 0804FCD72B82A79B0024EE2D /* SwiftUIClass1App.swift */; };
		0804FCDA2B82A79B0024EE2D /* ContentView.swift in Sources */ = {isa = PBXBuildFile; fileRef = 0804FCD92B82A79B0024EE2D /* ContentView.swift */; };
		0804FCDC2B82A79C0024EE2D /* Assets.xcassets in Resources */ = {isa = PBXBuildFile; fileRef = 0804FCDB2B82A79C0024EE2D /* Assets.xcassets */; };
		0804FCDF2B82A79C0024EE2D /* Preview Assets.xcassets in Resources */ = {isa = PBXBuildFile; fileRef = 0804FCDE2B82A79C0024EE2D /* Preview Assets.xcassets */; };
		0804FCE82B82D77B0024EE2D /* CircleImage.swift in Sources */ = {isa = PBXBuildFile; fileRef = 0804FCE72B82D77B0024EE2D /* CircleImage.swift */; };
		0804FCEA2B82D8B30024EE2D /* MapView.swift in Sources */ = {isa = PBXBuildFile; fileRef = 0804FCE92B82D8B30024EE2D /* MapView.swift */; };
		0804FCEC2B8312CB0024EE2D /* landmarkData.json in Resources */ = {isa = PBXBuildFile; fileRef = 0804FCEB2B8312CB0024EE2D /* landmarkData.json */; };
		0804FCF02B83130F0024EE2D /* Landmark.swift in Sources */ = {isa = PBXBuildFile; fileRef = 0804FCEF2B83130F0024EE2D /* Landmark.swift */; };
		0804FCF22B8317270024EE2D /* ModelData.swift in Sources */ = {isa = PBXBuildFile; fileRef = 0804FCF12B8317270024EE2D /* ModelData.swift */; };
		0804FCF52B8327810024EE2D /* LandmarkRow.swift in Sources */ = {isa = PBXBuildFile; fileRef = 0804FCF42B8327810024EE2D /* LandmarkRow.swift */; };
		0804FCF72B832C590024EE2D /* LandmarkList.swift in Sources */ = {isa = PBXBuildFile; fileRef = 0804FCF62B832C590024EE2D /* LandmarkList.swift */; };
		0804FCF92B8338DB0024EE2D /* LandmarkDetail.swift in Sources */ = {isa = PBXBuildFile; fileRef = 0804FCF82B8338DB0024EE2D /* LandmarkDetail.swift */; };
		081274432B9144CF000A6BF2 /* FavoriteButton.swift in Sources */ = {isa = PBXBuildFile; fileRef = 081274422B9144CF000A6BF2 /* FavoriteButton.swift */; };
/* End PBXBuildFile section */

/* Begin PBXFileReference section */
		0804FCD42B82A79B0024EE2D /* LandmarkApp.app */ = {isa = PBXFileReference; explicitFileType = wrapper.application; includeInIndex = 0; path = LandmarkApp.app; sourceTree = BUILT_PRODUCTS_DIR; };
		0804FCD72B82A79B0024EE2D /* SwiftUIClass1App.swift */ = {isa = PBXFileReference; lastKnownFileType = sourcecode.swift; path = SwiftUIClass1App.swift; sourceTree = "<group>"; };
		0804FCD92B82A79B0024EE2D /* ContentView.swift */ = {isa = PBXFileReference; lastKnownFileType = sourcecode.swift; path = ContentView.swift; sourceTree = "<group>"; };
		0804FCDB2B82A79C0024EE2D /* Assets.xcassets */ = {isa = PBXFileReference; lastKnownFileType = folder.assetcatalog; path = Assets.xcassets; sourceTree = "<group>"; };
		0804FCDE2B82A79C0024EE2D /* Preview Assets.xcassets */ = {isa = PBXFileReference; lastKnownFileType = folder.assetcatalog; path = "Preview Assets.xcassets"; sourceTree = "<group>"; };
		0804FCE72B82D77B0024EE2D /* CircleImage.swift */ = {isa = PBXFileReference; lastKnownFileType = sourcecode.swift; path = CircleImage.swift; sourceTree = "<group>"; };
		0804FCE92B82D8B30024EE2D /* MapView.swift */ = {isa = PBXFileReference; lastKnownFileType = sourcecode.swift; path = MapView.swift; sourceTree = "<group>"; };
		0804FCEB2B8312CB0024EE2D /* landmarkData.json */ = {isa = PBXFileReference; fileEncoding = 4; lastKnownFileType = text.json; path = landmarkData.json; sourceTree = "<group>"; };
		0804FCEF2B83130F0024EE2D /* Landmark.swift */ = {isa = PBXFileReference; lastKnownFileType = sourcecode.swift; path = Landmark.swift; sourceTree = "<group>"; };
		0804FCF12B8317270024EE2D /* ModelData.swift */ = {isa = PBXFileReference; lastKnownFileType = sourcecode.swift; path = ModelData.swift; sourceTree = "<group>"; };
		0804FCF42B8327810024EE2D /* LandmarkRow.swift */ = {isa = PBXFileReference; lastKnownFileType = sourcecode.swift; path = LandmarkRow.swift; sourceTree = "<group>"; };
		0804FCF62B832C590024EE2D /* LandmarkList.swift */ = {isa = PBXFileReference; lastKnownFileType = sourcecode.swift; path = LandmarkList.swift; sourceTree = "<group>"; };
		0804FCF82B8338DB0024EE2D /* LandmarkDetail.swift */ = {isa = PBXFileReference; lastKnownFileType = sourcecode.swift; path = LandmarkDetail.swift; sourceTree = "<group>"; };
		081274422B9144CF000A6BF2 /* FavoriteButton.swift */ = {isa = PBXFileReference; lastKnownFileType = sourcecode.swift; path = FavoriteButton.swift; sourceTree = "<group>"; };
/* End PBXFileReference section */

/* Begin PBXFrameworksBuildPhase section */
		0804FCD12B82A79B0024EE2D /* Frameworks */ = {
			isa = PBXFrameworksBuildPhase;
			buildActionMask = 2147483647;
			files = (
			);
			runOnlyForDeploymentPostprocessing = 0;
		};
/* End PBXFrameworksBuildPhase section */

/* Begin PBXGroup section */
		0804FCCB2B82A79B0024EE2D = {
			isa = PBXGroup;
			children = (
				0804FCD62B82A79B0024EE2D /* SwiftUIClass1 */,
				0804FCD52B82A79B0024EE2D /* Products */,
			);
			sourceTree = "<group>";
		};
		0804FCD52B82A79B0024EE2D /* Products */ = {
			isa = PBXGroup;
			children = (
				0804FCD42B82A79B0024EE2D /* LandmarkApp.app */,
			);
			name = Products;
			sourceTree = "<group>";
		};
		0804FCD62B82A79B0024EE2D /* SwiftUIClass1 */ = {
			isa = PBXGroup;
			children = (
				0804FCD72B82A79B0024EE2D /* SwiftUIClass1App.swift */,
				0804FCED2B8312EF0024EE2D /* View */,
				0804FCF32B8319A60024EE2D /* Resource */,
				0804FCDB2B82A79C0024EE2D /* Assets.xcassets */,
				0804FCDD2B82A79C0024EE2D /* Preview Content */,
			);
			path = SwiftUIClass1;
			sourceTree = "<group>";
		};
		0804FCDD2B82A79C0024EE2D /* Preview Content */ = {
			isa = PBXGroup;
			children = (
				0804FCDE2B82A79C0024EE2D /* Preview Assets.xcassets */,
			);
			path = "Preview Content";
			sourceTree = "<group>";
		};
		0804FCED2B8312EF0024EE2D /* View */ = {
			isa = PBXGroup;
			children = (
				0804FCD92B82A79B0024EE2D /* ContentView.swift */,
				081274442B9146EC000A6BF2 /* Helpers */,
				081274452B914707000A6BF2 /* Landmark */,
				0804FCEE2B8312FE0024EE2D /* Model */,
			);
			path = View;
			sourceTree = "<group>";
		};
		0804FCEE2B8312FE0024EE2D /* Model */ = {
			isa = PBXGroup;
			children = (
				0804FCEF2B83130F0024EE2D /* Landmark.swift */,
				0804FCF12B8317270024EE2D /* ModelData.swift */,
			);
			path = Model;
			sourceTree = "<group>";
		};
		0804FCF32B8319A60024EE2D /* Resource */ = {
			isa = PBXGroup;
			children = (
				0804FCEB2B8312CB0024EE2D /* landmarkData.json */,
			);
			path = Resource;
			sourceTree = "<group>";
		};
		081274442B9146EC000A6BF2 /* Helpers */ = {
			isa = PBXGroup;
			children = (
				0804FCE92B82D8B30024EE2D /* MapView.swift */,
				0804FCE72B82D77B0024EE2D /* CircleImage.swift */,
				081274422B9144CF000A6BF2 /* FavoriteButton.swift */,
			);
			path = Helpers;
			sourceTree = "<group>";
		};
		081274452B914707000A6BF2 /* Landmark */ = {
			isa = PBXGroup;
			children = (
				0804FCF42B8327810024EE2D /* LandmarkRow.swift */,
				0804FCF62B832C590024EE2D /* LandmarkList.swift */,
				0804FCF82B8338DB0024EE2D /* LandmarkDetail.swift */,
			);
			path = Landmark;
			sourceTree = "<group>";
		};
/* End PBXGroup section */

/* Begin PBXNativeTarget section */
		0804FCD32B82A79B0024EE2D /* LandmarkApp */ = {
			isa = PBXNativeTarget;
			buildConfigurationList = 0804FCE22B82A79C0024EE2D /* Build configuration list for PBXNativeTarget "LandmarkApp" */;
			buildPhases = (
				0804FCD02B82A79B0024EE2D /* Sources */,
				0804FCD12B82A79B0024EE2D /* Frameworks */,
				0804FCD22B82A79B0024EE2D /* Resources */,
			);
			buildRules = (
			);
			dependencies = (
			);
			name = LandmarkApp;
			productName = SwiftUIClass1;
			productReference = 0804FCD42B82A79B0024EE2D /* LandmarkApp.app */;
			productType = "com.apple.product-type.application";
		};
/* End PBXNativeTarget section */

/* Begin PBXProject section */
		0804FCCC2B82A79B0024EE2D /* Project object */ = {
			isa = PBXProject;
			attributes = {
				BuildIndependentTargetsInParallel = 1;
				LastSwiftUpdateCheck = 1500;
				LastUpgradeCheck = 1500;
				TargetAttributes = {
					0804FCD32B82A79B0024EE2D = {
						CreatedOnToolsVersion = 15.0.1;
					};
				};
			};
			buildConfigurationList = 0804FCCF2B82A79B0024EE2D /* Build configuration list for PBXProject "LandmarkApp" */;
			compatibilityVersion = "Xcode 14.0";
			developmentRegion = en;
			hasScannedForEncodings = 0;
			knownRegions = (
				en,
				Base,
			);
			mainGroup = 0804FCCB2B82A79B0024EE2D;
			productRefGroup = 0804FCD52B82A79B0024EE2D /* Products */;
			projectDirPath = "";
			projectRoot = "";
			targets = (
				0804FCD32B82A79B0024EE2D /* LandmarkApp */,
			);
		};
/* End PBXProject section */

/* Begin PBXResourcesBuildPhase section */
		0804FCD22B82A79B0024EE2D /* Resources */ = {
			isa = PBXResourcesBuildPhase;
			buildActionMask = 2147483647;
			files = (
				0804FCDF2B82A79C0024EE2D /* Preview Assets.xcassets in Resources */,
				0804FCDC2B82A79C0024EE2D /* Assets.xcassets in Resources */,
				0804FCEC2B8312CB0024EE2D /* landmarkData.json in Resources */,
			);
			runOnlyForDeploymentPostprocessing = 0;
		};
/* End PBXResourcesBuildPhase section */

/* Begin PBXSourcesBuildPhase section */
		0804FCD02B82A79B0024EE2D /* Sources */ = {
			isa = PBXSourcesBuildPhase;
			buildActionMask = 2147483647;
			files = (
				0804FCDA2B82A79B0024EE2D /* ContentView.swift in Sources */,
				0804FCEA2B82D8B30024EE2D /* MapView.swift in Sources */,
				0804FCD82B82A79B0024EE2D /* SwiftUIClass1App.swift in Sources */,
				081274432B9144CF000A6BF2 /* FavoriteButton.swift in Sources */,
				0804FCF72B832C590024EE2D /* LandmarkList.swift in Sources */,
				0804FCF92B8338DB0024EE2D /* LandmarkDetail.swift in Sources */,
				0804FCE82B82D77B0024EE2D /* CircleImage.swift in Sources */,
				0804FCF02B83130F0024EE2D /* Landmark.swift in Sources */,
				0804FCF52B8327810024EE2D /* LandmarkRow.swift in Sources */,
				0804FCF22B8317270024EE2D /* ModelData.swift in Sources */,
			);
			runOnlyForDeploymentPostprocessing = 0;
		};
/* End PBXSourcesBuildPhase section */

/* Begin XCBuildConfiguration section */
		0804FCE02B82A79C0024EE2D /* Debug */ = {
			isa = XCBuildConfiguration;
			buildSettings = {
				ALWAYS_SEARCH_USER_PATHS = NO;
				ASSETCATALOG_COMPILER_GENERATE_SWIFT_ASSET_SYMBOL_EXTENSIONS = YES;
				CLANG_ANALYZER_NONNULL = YES;
				CLANG_ANALYZER_NUMBER_OBJECT_CONVERSION = YES_AGGRESSIVE;
				CLANG_CXX_LANGUAGE_STANDARD = "gnu++20";
				CLANG_ENABLE_MODULES = YES;
				CLANG_ENABLE_OBJC_ARC = YES;
				CLANG_ENABLE_OBJC_WEAK = YES;
				CLANG_WARN_BLOCK_CAPTURE_AUTORELEASING = YES;
				CLANG_WARN_BOOL_CONVERSION = YES;
				CLANG_WARN_COMMA = YES;
				CLANG_WARN_CONSTANT_CONVERSION = YES;
				CLANG_WARN_DEPRECATED_OBJC_IMPLEMENTATIONS = YES;
				CLANG_WARN_DIRECT_OBJC_ISA_USAGE = YES_ERROR;
				CLANG_WARN_DOCUMENTATION_COMMENTS = YES;
				CLANG_WARN_EMPTY_BODY = YES;
				CLANG_WARN_ENUM_CONVERSION = YES;
				CLANG_WARN_INFINITE_RECURSION = YES;
				CLANG_WARN_INT_CONVERSION = YES;
				CLANG_WARN_NON_LITERAL_NULL_CONVERSION = YES;
				CLANG_WARN_OBJC_IMPLICIT_RETAIN_SELF = YES;
				CLANG_WARN_OBJC_LITERAL_CONVERSION = YES;
				CLANG_WARN_OBJC_ROOT_CLASS = YES_ERROR;
				CLANG_WARN_QUOTED_INCLUDE_IN_FRAMEWORK_HEADER = YES;
				CLANG_WARN_RANGE_LOOP_ANALYSIS = YES;
				CLANG_WARN_STRICT_PROTOTYPES = YES;
				CLANG_WARN_SUSPICIOUS_MOVE = YES;
				CLANG_WARN_UNGUARDED_AVAILABILITY = YES_AGGRESSIVE;
				CLANG_WARN_UNREACHABLE_CODE = YES;
				CLANG_WARN__DUPLICATE_METHOD_MATCH = YES;
				COPY_PHASE_STRIP = NO;
				DEBUG_INFORMATION_FORMAT = dwarf;
				ENABLE_STRICT_OBJC_MSGSEND = YES;
				ENABLE_TESTABILITY = YES;
				ENABLE_USER_SCRIPT_SANDBOXING = YES;
				GCC_C_LANGUAGE_STANDARD = gnu17;
				GCC_DYNAMIC_NO_PIC = NO;
				GCC_NO_COMMON_BLOCKS = YES;
				GCC_OPTIMIZATION_LEVEL = 0;
				GCC_PREPROCESSOR_DEFINITIONS = (
					"DEBUG=1",
					"$(inherited)",
				);
				GCC_WARN_64_TO_32_BIT_CONVERSION = YES;
				GCC_WARN_ABOUT_RETURN_TYPE = YES_ERROR;
				GCC_WARN_UNDECLARED_SELECTOR = YES;
				GCC_WARN_UNINITIALIZED_AUTOS = YES_AGGRESSIVE;
				GCC_WARN_UNUSED_FUNCTION = YES;
				GCC_WARN_UNUSED_VARIABLE = YES;
				IPHONEOS_DEPLOYMENT_TARGET = 17.0;
				LOCALIZATION_PREFERS_STRING_CATALOGS = YES;
				MTL_ENABLE_DEBUG_INFO = INCLUDE_SOURCE;
				MTL_FAST_MATH = YES;
				ONLY_ACTIVE_ARCH = YES;
				SDKROOT = iphoneos;
				SWIFT_ACTIVE_COMPILATION_CONDITIONS = "DEBUG $(inherited)";
				SWIFT_OPTIMIZATION_LEVEL = "-Onone";
			};
			name = Debug;
		};
		0804FCE12B82A79C0024EE2D /* Release */ = {
			isa = XCBuildConfiguration;
			buildSettings = {
				ALWAYS_SEARCH_USER_PATHS = NO;
				ASSETCATALOG_COMPILER_GENERATE_SWIFT_ASSET_SYMBOL_EXTENSIONS = YES;
				CLANG_ANALYZER_NONNULL = YES;
				CLANG_ANALYZER_NUMBER_OBJECT_CONVERSION = YES_AGGRESSIVE;
				CLANG_CXX_LANGUAGE_STANDARD = "gnu++20";
				CLANG_ENABLE_MODULES = YES;
				CLANG_ENABLE_OBJC_ARC = YES;
				CLANG_ENABLE_OBJC_WEAK = YES;
				CLANG_WARN_BLOCK_CAPTURE_AUTORELEASING = YES;
				CLANG_WARN_BOOL_CONVERSION = YES;
				CLANG_WARN_COMMA = YES;
				CLANG_WARN_CONSTANT_CONVERSION = YES;
				CLANG_WARN_DEPRECATED_OBJC_IMPLEMENTATIONS = YES;
				CLANG_WARN_DIRECT_OBJC_ISA_USAGE = YES_ERROR;
				CLANG_WARN_DOCUMENTATION_COMMENTS = YES;
				CLANG_WARN_EMPTY_BODY = YES;
				CLANG_WARN_ENUM_CONVERSION = YES;
				CLANG_WARN_INFINITE_RECURSION = YES;
				CLANG_WARN_INT_CONVERSION = YES;
				CLANG_WARN_NON_LITERAL_NULL_CONVERSION = YES;
				CLANG_WARN_OBJC_IMPLICIT_RETAIN_SELF = YES;
				CLANG_WARN_OBJC_LITERAL_CONVERSION = YES;
				CLANG_WARN_OBJC_ROOT_CLASS = YES_ERROR;
				CLANG_WARN_QUOTED_INCLUDE_IN_FRAMEWORK_HEADER = YES;
				CLANG_WARN_RANGE_LOOP_ANALYSIS = YES;
				CLANG_WARN_STRICT_PROTOTYPES = YES;
				CLANG_WARN_SUSPICIOUS_MOVE = YES;
				CLANG_WARN_UNGUARDED_AVAILABILITY = YES_AGGRESSIVE;
				CLANG_WARN_UNREACHABLE_CODE = YES;
				CLANG_WARN__DUPLICATE_METHOD_MATCH = YES;
				COPY_PHASE_STRIP = NO;
				DEBUG_INFORMATION_FORMAT = "dwarf-with-dsym";
				ENABLE_NS_ASSERTIONS = NO;
				ENABLE_STRICT_OBJC_MSGSEND = YES;
				ENABLE_USER_SCRIPT_SANDBOXING = YES;
				GCC_C_LANGUAGE_STANDARD = gnu17;
				GCC_NO_COMMON_BLOCKS = YES;
				GCC_WARN_64_TO_32_BIT_CONVERSION = YES;
				GCC_WARN_ABOUT_RETURN_TYPE = YES_ERROR;
				GCC_WARN_UNDECLARED_SELECTOR = YES;
				GCC_WARN_UNINITIALIZED_AUTOS = YES_AGGRESSIVE;
				GCC_WARN_UNUSED_FUNCTION = YES;
				GCC_WARN_UNUSED_VARIABLE = YES;
				IPHONEOS_DEPLOYMENT_TARGET = 17.0;
				LOCALIZATION_PREFERS_STRING_CATALOGS = YES;
				MTL_ENABLE_DEBUG_INFO = NO;
				MTL_FAST_MATH = YES;
				SDKROOT = iphoneos;
				SWIFT_COMPILATION_MODE = wholemodule;
				VALIDATE_PRODUCT = YES;
			};
			name = Release;
		};
		0804FCE32B82A79C0024EE2D /* Debug */ = {
			isa = XCBuildConfiguration;
			buildSettings = {
				ASSETCATALOG_COMPILER_APPICON_NAME = AppIcon;
				ASSETCATALOG_COMPILER_GLOBAL_ACCENT_COLOR_NAME = AccentColor;
				CODE_SIGN_STYLE = Automatic;
				CURRENT_PROJECT_VERSION = 1;
				DEVELOPMENT_ASSET_PATHS = "\"SwiftUIClass1/Preview Content\"";
				DEVELOPMENT_TEAM = DYPFDP85GK;
				ENABLE_PREVIEWS = YES;
				GENERATE_INFOPLIST_FILE = YES;
				INFOPLIST_KEY_UIApplicationSceneManifest_Generation = YES;
				INFOPLIST_KEY_UIApplicationSupportsIndirectInputEvents = YES;
				INFOPLIST_KEY_UILaunchScreen_Generation = YES;
				INFOPLIST_KEY_UISupportedInterfaceOrientations_iPad = "UIInterfaceOrientationPortrait UIInterfaceOrientationPortraitUpsideDown UIInterfaceOrientationLandscapeLeft UIInterfaceOrientationLandscapeRight";
				INFOPLIST_KEY_UISupportedInterfaceOrientations_iPhone = "UIInterfaceOrientationPortrait UIInterfaceOrientationLandscapeLeft UIInterfaceOrientationLandscapeRight";
				LD_RUNPATH_SEARCH_PATHS = (
					"$(inherited)",
					"@executable_path/Frameworks",
				);
				MARKETING_VERSION = 1.0;
				PRODUCT_BUNDLE_IDENTIFIER = com.ramyaios.SwiftUIClass1;
				PRODUCT_NAME = "$(TARGET_NAME)";
				SWIFT_EMIT_LOC_STRINGS = YES;
				SWIFT_VERSION = 5.0;
				TARGETED_DEVICE_FAMILY = "1,2";
			};
			name = Debug;
		};
		0804FCE42B82A79C0024EE2D /* Release */ = {
			isa = XCBuildConfiguration;
			buildSettings = {
				ASSETCATALOG_COMPILER_APPICON_NAME = AppIcon;
				ASSETCATALOG_COMPILER_GLOBAL_ACCENT_COLOR_NAME = AccentColor;
				CODE_SIGN_STYLE = Automatic;
				CURRENT_PROJECT_VERSION = 1;
				DEVELOPMENT_ASSET_PATHS = "\"SwiftUIClass1/Preview Content\"";
				DEVELOPMENT_TEAM = DYPFDP85GK;
				ENABLE_PREVIEWS = YES;
				GENERATE_INFOPLIST_FILE = YES;
				INFOPLIST_KEY_UIApplicationSceneManifest_Generation = YES;
				INFOPLIST_KEY_UIApplicationSupportsIndirectInputEvents = YES;
				INFOPLIST_KEY_UILaunchScreen_Generation = YES;
				INFOPLIST_KEY_UISupportedInterfaceOrientations_iPad = "UIInterfaceOrientationPortrait UIInterfaceOrientationPortraitUpsideDown UIInterfaceOrientationLandscapeLeft UIInterfaceOrientationLandscapeRight";
				INFOPLIST_KEY_UISupportedInterfaceOrientations_iPhone = "UIInterfaceOrientationPortrait UIInterfaceOrientationLandscapeLeft UIInterfaceOrientationLandscapeRight";
				LD_RUNPATH_SEARCH_PATHS = (
					"$(inherited)",
					"@executable_path/Frameworks",
				);
				MARKETING_VERSION = 1.0;
				PRODUCT_BUNDLE_IDENTIFIER = com.ramyaios.SwiftUIClass1;
				PRODUCT_NAME = "$(TARGET_NAME)";
				SWIFT_EMIT_LOC_STRINGS = YES;
				SWIFT_VERSION = 5.0;
				TARGETED_DEVICE_FAMILY = "1,2";
			};
			name = Release;
		};
/* End XCBuildConfiguration section */

/* Begin XCConfigurationList section */
		0804FCCF2B82A79B0024EE2D /* Build configuration list for PBXProject "LandmarkApp" */ = {
			isa = XCConfigurationList;
			buildConfigurations = (
				0804FCE02B82A79C0024EE2D /* Debug */,
				0804FCE12B82A79C0024EE2D /* Release */,
			);
			defaultConfigurationIsVisible = 0;
			defaultConfigurationName = Release;
		};
		0804FCE22B82A79C0024EE2D /* Build configuration list for PBXNativeTarget "LandmarkApp" */ = {
			isa = XCConfigurationList;
			buildConfigurations = (
				0804FCE32B82A79C0024EE2D /* Debug */,
				0804FCE42B82A79C0024EE2D /* Release */,
			);
			defaultConfigurationIsVisible = 0;
			defaultConfigurationName = Release;
		};
/* End XCConfigurationList section */
	};
	rootObject = 0804FCCC2B82A79B0024EE2D /* Project object */;
}
